
Microsoft Visual Studio Solution File, Format Version 12.00
# Visual Studio Version 17
VisualStudioVersion = 17.6.33723.286
MinimumVisualStudioVersion = 10.0.40219.1
Project("{FAE04EC0-301F-11D3-BF4B-00C04F79EFBC}") = "BL_AddressbookSystem", "BL_AddressbookSystem\BL_AddressbookSystem.csproj", "{2E35E232-CDB4-49E7-8441-2158D2536925}"
EndProject
Global
	GlobalSection(SolutionConfigurationPlatforms) = preSolution
		Debug|Any CPU = Debug|Any CPU
		Release|Any CPU = Release|Any CPU
	EndGlobalSection
	GlobalSection(ProjectConfigurationPlatforms) = postSolution
		{2E35E232-CDB4-49E7-8441-2158D2536925}.Debug|Any CPU.ActiveCfg = Debug|Any CPU
		{2E35E232-CDB4-49E7-8441-2158D2536925}.Debug|Any CPU.Build.0 = Debug|Any CPU
		{2E35E232-CDB4-49E7-8441-2158D2536925}.Release|Any CPU.ActiveCfg = Release|Any CPU
		{2E35E232-CDB4-49E7-8441-2158D2536925}.Release|Any CPU.Build.0 = Release|Any CPU
	EndGlobalSection
	GlobalSection(SolutionProperties) = preSolution
		HideSolutionNode = FALSE
	EndGlobalSection
	GlobalSection(ExtensibilityGlobals) = postSolution
		SolutionGuid = {20B201D0-BA2B-4E65-986C-DFBFB7E3A69A}
	EndGlobalSection
EndGlobal
